
Microsoft Visual Studio Solution File, Format Version 12.00
# Visual Studio Version 17
VisualStudioVersion = 17.10.34928.147
MinimumVisualStudioVersion = 10.0.40219.1
Project("{FAE04EC0-301F-11D3-BF4B-00C04F79EFBC}") = "ConsoleApp4", "ConsoleApp4\ConsoleApp4.csproj", "{ACF436C8-9F04-488D-AC05-D7D8491D936D}"
EndProject
Global
	GlobalSection(SolutionConfigurationPlatforms) = preSolution
		Debug|Any CPU = Debug|Any CPU
		Release|Any CPU = Release|Any CPU
	EndGlobalSection
	GlobalSection(ProjectConfigurationPlatforms) = postSolution
		{ACF436C8-9F04-488D-AC05-D7D8491D936D}.Debug|Any CPU.ActiveCfg = Debug|Any CPU
		{ACF436C8-9F04-488D-AC05-D7D8491D936D}.Debug|Any CPU.Build.0 = Debug|Any CPU
		{ACF436C8-9F04-488D-AC05-D7D8491D936D}.Release|Any CPU.ActiveCfg = Release|Any CPU
		{ACF436C8-9F04-488D-AC05-D7D8491D936D}.Release|Any CPU.Build.0 = Release|Any CPU
	EndGlobalSection
	GlobalSection(SolutionProperties) = preSolution
		HideSolutionNode = FALSE
	EndGlobalSection
	GlobalSection(ExtensibilityGlobals) = postSolution
		SolutionGuid = {72F92B81-57E1-4FE9-BDAC-D5BC4BA1DB4F}
	EndGlobalSection
EndGlobal
test
test 2
test 3